
Microsoft Visual Studio Solution File, Format Version 12.00
# Visual Studio Version 17
VisualStudioVersion = 17.14.36518.9 d17.14
MinimumVisualStudioVersion = 10.0.40219.1
Project("{FAE04EC0-301F-11D3-BF4B-00C04F79EFBC}") = "EVServiceCenterMaintenanceAPI", "EVServiceCenterMaintenanceAPI\EVServiceCenterMaintenanceAPI.csproj", "{5A633209-E51D-4717-A53E-4B6F731C3193}"
EndProject
Global
	GlobalSection(SolutionConfigurationPlatforms) = preSolution
		Debug|Any CPU = Debug|Any CPU
		Release|Any CPU = Release|Any CPU
	EndGlobalSection
	GlobalSection(ProjectConfigurationPlatforms) = postSolution
		{5A633209-E51D-4717-A53E-4B6F731C3193}.Debug|Any CPU.ActiveCfg = Debug|Any CPU
		{5A633209-E51D-4717-A53E-4B6F731C3193}.Debug|Any CPU.Build.0 = Debug|Any CPU
		{5A633209-E51D-4717-A53E-4B6F731C3193}.Release|Any CPU.ActiveCfg = Release|Any CPU
		{5A633209-E51D-4717-A53E-4B6F731C3193}.Release|Any CPU.Build.0 = Release|Any CPU
	EndGlobalSection
	GlobalSection(SolutionProperties) = preSolution
		HideSolutionNode = FALSE
	EndGlobalSection
	GlobalSection(ExtensibilityGlobals) = postSolution
		SolutionGuid = {DAD53015-017E-4314-9511-702332B5AEF4}
	EndGlobalSection
EndGlobal
